
Microsoft Visual Studio Solution File, Format Version 12.00
# Visual Studio 2012
Project("{FAE04EC0-301F-11D3-BF4B-00C04F79EFBC}") = "Bit8Framework", "Bit8Framework\Bit8Framework.csproj", "{D8705212-08F3-4536-B69F-80E179CAAEBB}"
EndProject
Global
	GlobalSection(SolutionConfigurationPlatforms) = preSolution
		Debug|Any CPU = Debug|Any CPU
		Release|Any CPU = Release|Any CPU
	EndGlobalSection
	GlobalSection(ProjectConfigurationPlatforms) = postSolution
		{D8705212-08F3-4536-B69F-80E179CAAEBB}.Debug|Any CPU.ActiveCfg = Debug|Any CPU
		{D8705212-08F3-4536-B69F-80E179CAAEBB}.Debug|Any CPU.Build.0 = Debug|Any CPU
		{D8705212-08F3-4536-B69F-80E179CAAEBB}.Release|Any CPU.ActiveCfg = Release|Any CPU
		{D8705212-08F3-4536-B69F-80E179CAAEBB}.Release|Any CPU.Build.0 = Release|Any CPU
	EndGlobalSection
	GlobalSection(SolutionProperties) = preSolution
		HideSolutionNode = FALSE
	EndGlobalSection
EndGlobal
